
Microsoft Visual Studio Solution File, Format Version 12.00
# Visual Studio Version 16
VisualStudioVersion = 16.0.30114.105
MinimumVisualStudioVersion = 10.0.40219.1
Project("{2150E333-8FDC-42A3-9474-1A3956D46DE8}") = "src", "src", "{C08076D0-E617-4A6D-AFC5-BB4AEA6F15E4}"
EndProject
Project("{F2A71F9B-5D33-465A-A702-920D77279786}") = "Paint", "src\Paint\Paint.fsproj", "{7EC69E3C-2F6B-4C70-BE17-6FF2DE74C272}"
EndProject
Project("{2150E333-8FDC-42A3-9474-1A3956D46DE8}") = "lib", "lib", "{48DAD705-E03D-425E-8C85-AA3FBE333F72}"
EndProject
Project("{2150E333-8FDC-42A3-9474-1A3956D46DE8}") = "engine", "engine", "{3C77CE53-FF9B-4DD5-80B6-F5B6E94FF0D7}"
EndProject
Project("{2150E333-8FDC-42A3-9474-1A3956D46DE8}") = "examples", "examples", "{F31FC0A1-C5DB-4799-8D07-60A4616F96AC}"
EndProject
Project("{F2A71F9B-5D33-465A-A702-920D77279786}") = "Playground", "lib\engine\examples\Playground\Playground.fsproj", "{E6F5787C-87AE-4D45-A0A4-EEA3F109CF26}"
EndProject
Project("{2150E333-8FDC-42A3-9474-1A3956D46DE8}") = "src", "src", "{525E6680-1766-4DE3-AE27-34A37C35D600}"
EndProject
Project("{F2A71F9B-5D33-465A-A702-920D77279786}") = "Womb", "lib\engine\src\Womb\Womb.fsproj", "{62DDC535-0B3A-4503-9526-18D4B8F48FE0}"
EndProject
Global
	GlobalSection(SolutionConfigurationPlatforms) = preSolution
		Debug|Any CPU = Debug|Any CPU
		Release|Any CPU = Release|Any CPU
	EndGlobalSection
	GlobalSection(SolutionProperties) = preSolution
		HideSolutionNode = FALSE
	EndGlobalSection
	GlobalSection(ProjectConfigurationPlatforms) = postSolution
		{7EC69E3C-2F6B-4C70-BE17-6FF2DE74C272}.Debug|Any CPU.ActiveCfg = Debug|Any CPU
		{7EC69E3C-2F6B-4C70-BE17-6FF2DE74C272}.Debug|Any CPU.Build.0 = Debug|Any CPU
		{7EC69E3C-2F6B-4C70-BE17-6FF2DE74C272}.Release|Any CPU.ActiveCfg = Release|Any CPU
		{7EC69E3C-2F6B-4C70-BE17-6FF2DE74C272}.Release|Any CPU.Build.0 = Release|Any CPU
		{E6F5787C-87AE-4D45-A0A4-EEA3F109CF26}.Debug|Any CPU.ActiveCfg = Debug|Any CPU
		{E6F5787C-87AE-4D45-A0A4-EEA3F109CF26}.Debug|Any CPU.Build.0 = Debug|Any CPU
		{E6F5787C-87AE-4D45-A0A4-EEA3F109CF26}.Release|Any CPU.ActiveCfg = Release|Any CPU
		{E6F5787C-87AE-4D45-A0A4-EEA3F109CF26}.Release|Any CPU.Build.0 = Release|Any CPU
		{62DDC535-0B3A-4503-9526-18D4B8F48FE0}.Debug|Any CPU.ActiveCfg = Debug|Any CPU
		{62DDC535-0B3A-4503-9526-18D4B8F48FE0}.Debug|Any CPU.Build.0 = Debug|Any CPU
		{62DDC535-0B3A-4503-9526-18D4B8F48FE0}.Release|Any CPU.ActiveCfg = Release|Any CPU
		{62DDC535-0B3A-4503-9526-18D4B8F48FE0}.Release|Any CPU.Build.0 = Release|Any CPU
	EndGlobalSection
	GlobalSection(NestedProjects) = preSolution
		{7EC69E3C-2F6B-4C70-BE17-6FF2DE74C272} = {C08076D0-E617-4A6D-AFC5-BB4AEA6F15E4}
		{3C77CE53-FF9B-4DD5-80B6-F5B6E94FF0D7} = {48DAD705-E03D-425E-8C85-AA3FBE333F72}
		{F31FC0A1-C5DB-4799-8D07-60A4616F96AC} = {3C77CE53-FF9B-4DD5-80B6-F5B6E94FF0D7}
		{E6F5787C-87AE-4D45-A0A4-EEA3F109CF26} = {F31FC0A1-C5DB-4799-8D07-60A4616F96AC}
		{525E6680-1766-4DE3-AE27-34A37C35D600} = {3C77CE53-FF9B-4DD5-80B6-F5B6E94FF0D7}
		{62DDC535-0B3A-4503-9526-18D4B8F48FE0} = {525E6680-1766-4DE3-AE27-34A37C35D600}
	EndGlobalSection
EndGlobal
